
Microsoft Visual Studio Solution File, Format Version 12.00
# Visual Studio 14
VisualStudioVersion = 14.0.25420.1
MinimumVisualStudioVersion = 10.0.40219.1
Project("{FAE04EC0-301F-11D3-BF4B-00C04F79EFBC}") = "PrintNatural", "MyConsoleApp\PrintNatural.csproj", "{F4EDD7BA-EE4A-4268-AB0A-556BFB43E4F8}"
EndProject
Project("{FAE04EC0-301F-11D3-BF4B-00C04F79EFBC}") = "PrintReverse", "PrintReverse\PrintReverse.csproj", "{DBF21A97-A9B7-4351-9D87-5BCF37E73199}"
EndProject
Project("{FAE04EC0-301F-11D3-BF4B-00C04F79EFBC}") = "SumNumbers", "SumNumbers\SumNumbers.csproj", "{57B425CC-CF31-49F5-B8D7-D43BE94A33EE}"
EndProject
Project("{FAE04EC0-301F-11D3-BF4B-00C04F79EFBC}") = "IndividualDigits", "IndividualDigits\IndividualDigits.csproj", "{77949A5F-A383-4E1F-9F60-C60EADC4E618}"
EndProject
Project("{2150E333-8FDC-42A3-9474-1A3956D46DE8}") = "Solution Items", "Solution Items", "{947D42DC-6595-47E5-BA64-91D20BB8C582}"
	ProjectSection(SolutionItems) = preProject
		.gitignore = .gitignore
	EndProjectSection
EndProject
Project("{FAE04EC0-301F-11D3-BF4B-00C04F79EFBC}") = "CountDigits", "CountDigits\CountDigits.csproj", "{0925CB6F-C011-4691-93E5-748A60799D28}"
EndProject
Project("{FAE04EC0-301F-11D3-BF4B-00C04F79EFBC}") = "OddAndEven", "OddAndEven\OddAndEven.csproj", "{5C6A0C4C-8668-43A7-82B9-9AC44CFB1368}"
EndProject
Project("{FAE04EC0-301F-11D3-BF4B-00C04F79EFBC}") = "PrimeNumber", "PrimeNumber\PrimeNumber.csproj", "{AF6D5C0E-B10F-45B5-875A-3491A796C950}"
EndProject
Global
	GlobalSection(SolutionConfigurationPlatforms) = preSolution
		Debug|Any CPU = Debug|Any CPU
		Release|Any CPU = Release|Any CPU
	EndGlobalSection
	GlobalSection(ProjectConfigurationPlatforms) = postSolution
		{F4EDD7BA-EE4A-4268-AB0A-556BFB43E4F8}.Debug|Any CPU.ActiveCfg = Debug|Any CPU
		{F4EDD7BA-EE4A-4268-AB0A-556BFB43E4F8}.Debug|Any CPU.Build.0 = Debug|Any CPU
		{F4EDD7BA-EE4A-4268-AB0A-556BFB43E4F8}.Release|Any CPU.ActiveCfg = Release|Any CPU
		{F4EDD7BA-EE4A-4268-AB0A-556BFB43E4F8}.Release|Any CPU.Build.0 = Release|Any CPU
		{DBF21A97-A9B7-4351-9D87-5BCF37E73199}.Debug|Any CPU.ActiveCfg = Debug|Any CPU
		{DBF21A97-A9B7-4351-9D87-5BCF37E73199}.Debug|Any CPU.Build.0 = Debug|Any CPU
		{DBF21A97-A9B7-4351-9D87-5BCF37E73199}.Release|Any CPU.ActiveCfg = Release|Any CPU
		{DBF21A97-A9B7-4351-9D87-5BCF37E73199}.Release|Any CPU.Build.0 = Release|Any CPU
		{57B425CC-CF31-49F5-B8D7-D43BE94A33EE}.Debug|Any CPU.ActiveCfg = Debug|Any CPU
		{57B425CC-CF31-49F5-B8D7-D43BE94A33EE}.Debug|Any CPU.Build.0 = Debug|Any CPU
		{57B425CC-CF31-49F5-B8D7-D43BE94A33EE}.Release|Any CPU.ActiveCfg = Release|Any CPU
		{57B425CC-CF31-49F5-B8D7-D43BE94A33EE}.Release|Any CPU.Build.0 = Release|Any CPU
		{77949A5F-A383-4E1F-9F60-C60EADC4E618}.Debug|Any CPU.ActiveCfg = Debug|Any CPU
		{77949A5F-A383-4E1F-9F60-C60EADC4E618}.Debug|Any CPU.Build.0 = Debug|Any CPU
		{77949A5F-A383-4E1F-9F60-C60EADC4E618}.Release|Any CPU.ActiveCfg = Release|Any CPU
		{77949A5F-A383-4E1F-9F60-C60EADC4E618}.Release|Any CPU.Build.0 = Release|Any CPU
		{0925CB6F-C011-4691-93E5-748A60799D28}.Debug|Any CPU.ActiveCfg = Debug|Any CPU
		{0925CB6F-C011-4691-93E5-748A60799D28}.Debug|Any CPU.Build.0 = Debug|Any CPU
		{0925CB6F-C011-4691-93E5-748A60799D28}.Release|Any CPU.ActiveCfg = Release|Any CPU
		{0925CB6F-C011-4691-93E5-748A60799D28}.Release|Any CPU.Build.0 = Release|Any CPU
		{5C6A0C4C-8668-43A7-82B9-9AC44CFB1368}.Debug|Any CPU.ActiveCfg = Debug|Any CPU
		{5C6A0C4C-8668-43A7-82B9-9AC44CFB1368}.Debug|Any CPU.Build.0 = Debug|Any CPU
		{5C6A0C4C-8668-43A7-82B9-9AC44CFB1368}.Release|Any CPU.ActiveCfg = Release|Any CPU
		{5C6A0C4C-8668-43A7-82B9-9AC44CFB1368}.Release|Any CPU.Build.0 = Release|Any CPU
		{AF6D5C0E-B10F-45B5-875A-3491A796C950}.Debug|Any CPU.ActiveCfg = Debug|Any CPU
		{AF6D5C0E-B10F-45B5-875A-3491A796C950}.Debug|Any CPU.Build.0 = Debug|Any CPU
		{AF6D5C0E-B10F-45B5-875A-3491A796C950}.Release|Any CPU.ActiveCfg = Release|Any CPU
		{AF6D5C0E-B10F-45B5-875A-3491A796C950}.Release|Any CPU.Build.0 = Release|Any CPU
	EndGlobalSection
	GlobalSection(SolutionProperties) = preSolution
		HideSolutionNode = FALSE
	EndGlobalSection
EndGlobal
